
Microsoft Visual Studio Solution File, Format Version 12.00
# Visual Studio Version 17
VisualStudioVersion = 17.4.33110.190
MinimumVisualStudioVersion = 10.0.40219.1
Project("{FAE04EC0-301F-11D3-BF4B-00C04F79EFBC}") = "quanly_thu_chi_trongthang", "quanly_thu_chi_trongthang\quanly_thu_chi_trongthang.csproj", "{74AD2AE7-AE6D-426E-97DF-123DBC3CE7F0}"
EndProject
Global
	GlobalSection(SolutionConfigurationPlatforms) = preSolution
		Debug|Any CPU = Debug|Any CPU
		Release|Any CPU = Release|Any CPU
	EndGlobalSection
	GlobalSection(ProjectConfigurationPlatforms) = postSolution
		{74AD2AE7-AE6D-426E-97DF-123DBC3CE7F0}.Debug|Any CPU.ActiveCfg = Debug|Any CPU
		{74AD2AE7-AE6D-426E-97DF-123DBC3CE7F0}.Debug|Any CPU.Build.0 = Debug|Any CPU
		{74AD2AE7-AE6D-426E-97DF-123DBC3CE7F0}.Release|Any CPU.ActiveCfg = Release|Any CPU
		{74AD2AE7-AE6D-426E-97DF-123DBC3CE7F0}.Release|Any CPU.Build.0 = Release|Any CPU
	EndGlobalSection
	GlobalSection(SolutionProperties) = preSolution
		HideSolutionNode = FALSE
	EndGlobalSection
	GlobalSection(ExtensibilityGlobals) = postSolution
		SolutionGuid = {F4491CAE-BC58-4E15-842F-E7B32D1F5826}
	EndGlobalSection
EndGlobal
